
Microsoft Visual Studio Solution File, Format Version 12.00
# Visual Studio 15
VisualStudioVersion = 15.0.26206.0
MinimumVisualStudioVersion = 10.0.40219.1
Project("{9A19103F-16F7-4668-BE54-9A1E7A4F7556}") = "<%= namespace %>", "src\<%= namespace %>\<%= namespace %>.csproj", "{D813A62B-C4C2-4F38-AFF2-16D8BB24D691}"
EndProject
Project("{9A19103F-16F7-4668-BE54-9A1E7A4F7556}") = "<%= namespace %>.ContentDelivery", "src\<%= namespace %>.ContentDelivery\<%= namespace %>.ContentDelivery.csproj", "{C8EB45C8-17C3-4E1A-8C35-61EEFB563555}"
EndProject
Project("{9A19103F-16F7-4668-BE54-9A1E7A4F7556}") = "<%= namespace %>.ContentManagement", "src\<%= namespace %>.ContentManagement\<%= namespace %>.ContentManagement.csproj", "{51CA53F6-6FBB-4AFF-B735-DC86695EC315}"
EndProject
Global
	GlobalSection(SolutionConfigurationPlatforms) = preSolution
		Debug|Any CPU = Debug|Any CPU
		Debug|x64 = Debug|x64
		Debug|x86 = Debug|x86
		Release|Any CPU = Release|Any CPU
		Release|x64 = Release|x64
		Release|x86 = Release|x86
	EndGlobalSection
	GlobalSection(ProjectConfigurationPlatforms) = postSolution
		{D813A62B-C4C2-4F38-AFF2-16D8BB24D691}.Debug|Any CPU.ActiveCfg = Debug|Any CPU
		{D813A62B-C4C2-4F38-AFF2-16D8BB24D691}.Debug|Any CPU.Build.0 = Debug|Any CPU
		{D813A62B-C4C2-4F38-AFF2-16D8BB24D691}.Debug|x64.ActiveCfg = Debug|x64
		{D813A62B-C4C2-4F38-AFF2-16D8BB24D691}.Debug|x64.Build.0 = Debug|x64
		{D813A62B-C4C2-4F38-AFF2-16D8BB24D691}.Debug|x86.ActiveCfg = Debug|x86
		{D813A62B-C4C2-4F38-AFF2-16D8BB24D691}.Debug|x86.Build.0 = Debug|x86
		{D813A62B-C4C2-4F38-AFF2-16D8BB24D691}.Release|Any CPU.ActiveCfg = Release|Any CPU
		{D813A62B-C4C2-4F38-AFF2-16D8BB24D691}.Release|Any CPU.Build.0 = Release|Any CPU
		{D813A62B-C4C2-4F38-AFF2-16D8BB24D691}.Release|x64.ActiveCfg = Release|x64
		{D813A62B-C4C2-4F38-AFF2-16D8BB24D691}.Release|x64.Build.0 = Release|x64
		{D813A62B-C4C2-4F38-AFF2-16D8BB24D691}.Release|x86.ActiveCfg = Release|x86
		{D813A62B-C4C2-4F38-AFF2-16D8BB24D691}.Release|x86.Build.0 = Release|x86
		{C8EB45C8-17C3-4E1A-8C35-61EEFB563555}.Debug|Any CPU.ActiveCfg = Debug|Any CPU
		{C8EB45C8-17C3-4E1A-8C35-61EEFB563555}.Debug|Any CPU.Build.0 = Debug|Any CPU
		{C8EB45C8-17C3-4E1A-8C35-61EEFB563555}.Debug|x64.ActiveCfg = Debug|x64
		{C8EB45C8-17C3-4E1A-8C35-61EEFB563555}.Debug|x64.Build.0 = Debug|x64
		{C8EB45C8-17C3-4E1A-8C35-61EEFB563555}.Debug|x86.ActiveCfg = Debug|x86
		{C8EB45C8-17C3-4E1A-8C35-61EEFB563555}.Debug|x86.Build.0 = Debug|x86
		{C8EB45C8-17C3-4E1A-8C35-61EEFB563555}.Release|Any CPU.ActiveCfg = Release|Any CPU
		{C8EB45C8-17C3-4E1A-8C35-61EEFB563555}.Release|Any CPU.Build.0 = Release|Any CPU
		{C8EB45C8-17C3-4E1A-8C35-61EEFB563555}.Release|x64.ActiveCfg = Release|x64
		{C8EB45C8-17C3-4E1A-8C35-61EEFB563555}.Release|x64.Build.0 = Release|x64
		{C8EB45C8-17C3-4E1A-8C35-61EEFB563555}.Release|x86.ActiveCfg = Release|x86
		{C8EB45C8-17C3-4E1A-8C35-61EEFB563555}.Release|x86.Build.0 = Release|x86
		{51CA53F6-6FBB-4AFF-B735-DC86695EC315}.Debug|Any CPU.ActiveCfg = Debug|Any CPU
		{51CA53F6-6FBB-4AFF-B735-DC86695EC315}.Debug|Any CPU.Build.0 = Debug|Any CPU
		{51CA53F6-6FBB-4AFF-B735-DC86695EC315}.Debug|x64.ActiveCfg = Debug|x64
		{51CA53F6-6FBB-4AFF-B735-DC86695EC315}.Debug|x64.Build.0 = Debug|x64
		{51CA53F6-6FBB-4AFF-B735-DC86695EC315}.Debug|x86.ActiveCfg = Debug|x86
		{51CA53F6-6FBB-4AFF-B735-DC86695EC315}.Debug|x86.Build.0 = Debug|x86
		{51CA53F6-6FBB-4AFF-B735-DC86695EC315}.Release|Any CPU.ActiveCfg = Release|Any CPU
		{51CA53F6-6FBB-4AFF-B735-DC86695EC315}.Release|Any CPU.Build.0 = Release|Any CPU
		{51CA53F6-6FBB-4AFF-B735-DC86695EC315}.Release|x64.ActiveCfg = Release|x64
		{51CA53F6-6FBB-4AFF-B735-DC86695EC315}.Release|x64.Build.0 = Release|x64
		{51CA53F6-6FBB-4AFF-B735-DC86695EC315}.Release|x86.ActiveCfg = Release|x86
		{51CA53F6-6FBB-4AFF-B735-DC86695EC315}.Release|x86.Build.0 = Release|x86
	EndGlobalSection
	GlobalSection(SolutionProperties) = preSolution
		HideSolutionNode = FALSE
	EndGlobalSection
EndGlobal
